
Microsoft Visual Studio Solution File, Format Version 12.00
# Visual Studio Version 17
VisualStudioVersion = 17.9.34616.47
MinimumVisualStudioVersion = 10.0.40219.1
Project("{FAE04EC0-301F-11D3-BF4B-00C04F79EFBC}") = "Kalkulator_BMI.Android", "Kalkulator_BMI\Kalkulator_BMI.Android\Kalkulator_BMI.Android.csproj", "{1E6A05FB-A377-4DF0-BBC1-2A52D2EA0D03}"
EndProject
Project("{FAE04EC0-301F-11D3-BF4B-00C04F79EFBC}") = "Kalkulator_BMI.iOS", "Kalkulator_BMI\Kalkulator_BMI.iOS\Kalkulator_BMI.iOS.csproj", "{C63B904E-FDC2-4922-817A-AE1559AE8454}"
EndProject
Project("{FAE04EC0-301F-11D3-BF4B-00C04F79EFBC}") = "Kalkulator_BMI", "Kalkulator_BMI\Kalkulator_BMI\Kalkulator_BMI.csproj", "{90B1290E-A582-4643-B1A2-25F5015EE8E1}"
EndProject
Global
	GlobalSection(SolutionConfigurationPlatforms) = preSolution
		Debug|Any CPU = Debug|Any CPU
		Debug|iPhone = Debug|iPhone
		Debug|iPhoneSimulator = Debug|iPhoneSimulator
		Release|Any CPU = Release|Any CPU
		Release|iPhone = Release|iPhone
		Release|iPhoneSimulator = Release|iPhoneSimulator
	EndGlobalSection
	GlobalSection(ProjectConfigurationPlatforms) = postSolution
		{1E6A05FB-A377-4DF0-BBC1-2A52D2EA0D03}.Debug|Any CPU.ActiveCfg = Debug|Any CPU
		{1E6A05FB-A377-4DF0-BBC1-2A52D2EA0D03}.Debug|Any CPU.Build.0 = Debug|Any CPU
		{1E6A05FB-A377-4DF0-BBC1-2A52D2EA0D03}.Debug|Any CPU.Deploy.0 = Debug|Any CPU
		{1E6A05FB-A377-4DF0-BBC1-2A52D2EA0D03}.Debug|iPhone.ActiveCfg = Debug|Any CPU
		{1E6A05FB-A377-4DF0-BBC1-2A52D2EA0D03}.Debug|iPhone.Build.0 = Debug|Any CPU
		{1E6A05FB-A377-4DF0-BBC1-2A52D2EA0D03}.Debug|iPhone.Deploy.0 = Debug|Any CPU
		{1E6A05FB-A377-4DF0-BBC1-2A52D2EA0D03}.Debug|iPhoneSimulator.ActiveCfg = Debug|Any CPU
		{1E6A05FB-A377-4DF0-BBC1-2A52D2EA0D03}.Debug|iPhoneSimulator.Build.0 = Debug|Any CPU
		{1E6A05FB-A377-4DF0-BBC1-2A52D2EA0D03}.Debug|iPhoneSimulator.Deploy.0 = Debug|Any CPU
		{1E6A05FB-A377-4DF0-BBC1-2A52D2EA0D03}.Release|Any CPU.ActiveCfg = Release|Any CPU
		{1E6A05FB-A377-4DF0-BBC1-2A52D2EA0D03}.Release|Any CPU.Build.0 = Release|Any CPU
		{1E6A05FB-A377-4DF0-BBC1-2A52D2EA0D03}.Release|Any CPU.Deploy.0 = Release|Any CPU
		{1E6A05FB-A377-4DF0-BBC1-2A52D2EA0D03}.Release|iPhone.ActiveCfg = Release|Any CPU
		{1E6A05FB-A377-4DF0-BBC1-2A52D2EA0D03}.Release|iPhone.Build.0 = Release|Any CPU
		{1E6A05FB-A377-4DF0-BBC1-2A52D2EA0D03}.Release|iPhone.Deploy.0 = Release|Any CPU
		{1E6A05FB-A377-4DF0-BBC1-2A52D2EA0D03}.Release|iPhoneSimulator.ActiveCfg = Release|Any CPU
		{1E6A05FB-A377-4DF0-BBC1-2A52D2EA0D03}.Release|iPhoneSimulator.Build.0 = Release|Any CPU
		{1E6A05FB-A377-4DF0-BBC1-2A52D2EA0D03}.Release|iPhoneSimulator.Deploy.0 = Release|Any CPU
		{C63B904E-FDC2-4922-817A-AE1559AE8454}.Debug|Any CPU.ActiveCfg = Debug|iPhone
		{C63B904E-FDC2-4922-817A-AE1559AE8454}.Debug|Any CPU.Build.0 = Debug|iPhone
		{C63B904E-FDC2-4922-817A-AE1559AE8454}.Debug|Any CPU.Deploy.0 = Debug|iPhone
		{C63B904E-FDC2-4922-817A-AE1559AE8454}.Debug|iPhone.ActiveCfg = Debug|iPhone
		{C63B904E-FDC2-4922-817A-AE1559AE8454}.Debug|iPhone.Build.0 = Debug|iPhone
		{C63B904E-FDC2-4922-817A-AE1559AE8454}.Debug|iPhone.Deploy.0 = Debug|iPhone
		{C63B904E-FDC2-4922-817A-AE1559AE8454}.Debug|iPhoneSimulator.ActiveCfg = Debug|iPhoneSimulator
		{C63B904E-FDC2-4922-817A-AE1559AE8454}.Debug|iPhoneSimulator.Build.0 = Debug|iPhoneSimulator
		{C63B904E-FDC2-4922-817A-AE1559AE8454}.Debug|iPhoneSimulator.Deploy.0 = Debug|iPhoneSimulator
		{C63B904E-FDC2-4922-817A-AE1559AE8454}.Release|Any CPU.ActiveCfg = Release|iPhoneSimulator
		{C63B904E-FDC2-4922-817A-AE1559AE8454}.Release|Any CPU.Build.0 = Release|iPhoneSimulator
		{C63B904E-FDC2-4922-817A-AE1559AE8454}.Release|Any CPU.Deploy.0 = Release|iPhoneSimulator
		{C63B904E-FDC2-4922-817A-AE1559AE8454}.Release|iPhone.ActiveCfg = Release|iPhone
		{C63B904E-FDC2-4922-817A-AE1559AE8454}.Release|iPhone.Build.0 = Release|iPhone
		{C63B904E-FDC2-4922-817A-AE1559AE8454}.Release|iPhone.Deploy.0 = Release|iPhone
		{C63B904E-FDC2-4922-817A-AE1559AE8454}.Release|iPhoneSimulator.ActiveCfg = Release|iPhoneSimulator
		{C63B904E-FDC2-4922-817A-AE1559AE8454}.Release|iPhoneSimulator.Build.0 = Release|iPhoneSimulator
		{C63B904E-FDC2-4922-817A-AE1559AE8454}.Release|iPhoneSimulator.Deploy.0 = Release|iPhoneSimulator
		{90B1290E-A582-4643-B1A2-25F5015EE8E1}.Debug|Any CPU.ActiveCfg = Debug|Any CPU
		{90B1290E-A582-4643-B1A2-25F5015EE8E1}.Debug|Any CPU.Build.0 = Debug|Any CPU
		{90B1290E-A582-4643-B1A2-25F5015EE8E1}.Debug|Any CPU.Deploy.0 = Debug|Any CPU
		{90B1290E-A582-4643-B1A2-25F5015EE8E1}.Debug|iPhone.ActiveCfg = Debug|Any CPU
		{90B1290E-A582-4643-B1A2-25F5015EE8E1}.Debug|iPhone.Build.0 = Debug|Any CPU
		{90B1290E-A582-4643-B1A2-25F5015EE8E1}.Debug|iPhone.Deploy.0 = Debug|Any CPU
		{90B1290E-A582-4643-B1A2-25F5015EE8E1}.Debug|iPhoneSimulator.ActiveCfg = Debug|Any CPU
		{90B1290E-A582-4643-B1A2-25F5015EE8E1}.Debug|iPhoneSimulator.Build.0 = Debug|Any CPU
		{90B1290E-A582-4643-B1A2-25F5015EE8E1}.Debug|iPhoneSimulator.Deploy.0 = Debug|Any CPU
		{90B1290E-A582-4643-B1A2-25F5015EE8E1}.Release|Any CPU.ActiveCfg = Release|Any CPU
		{90B1290E-A582-4643-B1A2-25F5015EE8E1}.Release|Any CPU.Build.0 = Release|Any CPU
		{90B1290E-A582-4643-B1A2-25F5015EE8E1}.Release|Any CPU.Deploy.0 = Release|Any CPU
		{90B1290E-A582-4643-B1A2-25F5015EE8E1}.Release|iPhone.ActiveCfg = Release|Any CPU
		{90B1290E-A582-4643-B1A2-25F5015EE8E1}.Release|iPhone.Build.0 = Release|Any CPU
		{90B1290E-A582-4643-B1A2-25F5015EE8E1}.Release|iPhone.Deploy.0 = Release|Any CPU
		{90B1290E-A582-4643-B1A2-25F5015EE8E1}.Release|iPhoneSimulator.ActiveCfg = Release|Any CPU
		{90B1290E-A582-4643-B1A2-25F5015EE8E1}.Release|iPhoneSimulator.Build.0 = Release|Any CPU
		{90B1290E-A582-4643-B1A2-25F5015EE8E1}.Release|iPhoneSimulator.Deploy.0 = Release|Any CPU
	EndGlobalSection
	GlobalSection(SolutionProperties) = preSolution
		HideSolutionNode = FALSE
	EndGlobalSection
	GlobalSection(ExtensibilityGlobals) = postSolution
		SolutionGuid = {D277C1DF-5E26-42E5-B0CD-6313B49D8EA7}
	EndGlobalSection
EndGlobal
